<Solution>
  <Folder Name="/bench/">
    <Project Path="bench/Jazmin.Benchmarks/Jazmin.Benchmarks.csproj" />
  </Folder>
  <Folder Name="/profiling/">
    <Project Path="profiling/ProfDrive/ProfDrive.csproj" />
  </Folder>
  <Folder Name="/samples/">
    <Project Path="samples/Jazmin.Blazor/Jazmin.Blazor.csproj" />
    <Project Path="samples/Jazmin.KeyService/Jazmin.KeyService.csproj" />
    <Project Path="samples/Jazmin.Samples/Jazmin.Samples.csproj" />
  </Folder>
  <Folder Name="/src/">
    <Project Path="src/Jazmin/Jazmin.csproj" />
    <Project Path="src/Jazmin.AspNetCore/Jazmin.AspNetCore.csproj" />
  </Folder>
  <Folder Name="/tests/">
    <Project Path="tests/Jazmin.KeyService.Tests/Jazmin.KeyService.Tests.csproj" />
    <Project Path="tests/Jazmin.Tests/Jazmin.Tests.csproj" />
  </Folder>
</Solution>
